{
  "name": "@repo/app",
  "version": "0.0.0",
  "lockfileVersion": 3,
  "requires": true,
  "packages": {
    "": {
      "name": "@repo/app",
      "version": "0.0.0",
      "license": "MIT",
      "dependencies": {
        "@t3-oss/env-nextjs": "^0.12.0",
        "zustand": "^5.0.3"
      }
    },
    "node_modules/@t3-oss/env-core": {
      "version": "0.12.0",
      "resolved": "https://registry.npmjs.org/@t3-oss/env-core/-/env-core-0.12.0.tgz",
      "integrity": "sha512-lOPj8d9nJJTt81mMuN9GMk8x5veOt7q9m11OSnCBJhwp1QrL/qR+M8Y467ULBSm9SunosryWNbmQQbgoiMgcdw==",
      "license": "MIT",
      "peerDependencies": {
        "typescript": ">=5.0.0",
        "valibot": "^1.0.0-beta.7 || ^1.0.0",
        "zod": "^3.24.0"
      },
      "peerDependenciesMeta": {
        "typescript": {
          "optional": true
        },
        "valibot": {
          "optional": true
        },
        "zod": {
          "optional": true
        }
      }
    },
    "node_modules/@t3-oss/env-nextjs": {
      "version": "0.12.0",
      "resolved": "https://registry.npmjs.org/@t3-oss/env-nextjs/-/env-nextjs-0.12.0.tgz",
      "integrity": "sha512-rFnvYk1049RnNVUPvY8iQ55AuQh1Rr+qZzQBh3t++RttCGK4COpXGNxS4+45afuQq02lu+QAOy/5955aU8hRKw==",
      "license": "MIT",
      "dependencies": {
        "@t3-oss/env-core": "0.12.0"
      },
      "peerDependencies": {
        "typescript": ">=5.0.0",
        "valibot": "^1.0.0-beta.7 || ^1.0.0",
        "zod": "^3.24.0"
      },
      "peerDependenciesMeta": {
        "typescript": {
          "optional": true
        },
        "valibot": {
          "optional": true
        },
        "zod": {
          "optional": true
        }
      }
    },
    "node_modules/zustand": {
      "version": "5.0.3",
      "resolved": "https://registry.npmjs.org/zustand/-/zustand-5.0.3.tgz",
      "integrity": "sha512-14fwWQtU3pH4dE0dOpdMiWjddcH+QzKIgk1cl8epwSE7yag43k/AD/m4L6+K7DytAOr9gGBe3/EXj9g7cdostg==",
      "license": "MIT",
      "engines": {
        "node": ">=12.20.0"
      },
      "peerDependencies": {
        "@types/react": ">=18.0.0",
        "immer": ">=9.0.6",
        "react": ">=18.0.0",
        "use-sync-external-store": ">=1.2.0"
      },
      "peerDependenciesMeta": {
        "@types/react": {
          "optional": true
        },
        "immer": {
          "optional": true
        },
        "react": {
          "optional": true
        },
        "use-sync-external-store": {
          "optional": true
        }
      }
    }
  }
}
